Microsoft Visual Studio Solution File, Format Version 12.00
# Visual Studio Version 17
VisualStudioVersion = 17.5.2.0
MinimumVisualStudioVersion = 10.0.40219.1
Project("{FAE04EC0-301F-11D3-BF4B-00C04F79EFBC}") = "_Error", "_Error.csproj", "{442C5937-4860-547C-894F-8B365ED8CEB9}"
EndProject
Global
	GlobalSection(SolutionConfigurationPlatforms) = preSolution
		Debug|Any CPU = Debug|Any CPU
		Release|Any CPU = Release|Any CPU
	EndGlobalSection
	GlobalSection(ProjectConfigurationPlatforms) = postSolution
		{442C5937-4860-547C-894F-8B365ED8CEB9}.Debug|Any CPU.ActiveCfg = Debug|Any CPU
		{442C5937-4860-547C-894F-8B365ED8CEB9}.Debug|Any CPU.Build.0 = Debug|Any CPU
		{442C5937-4860-547C-894F-8B365ED8CEB9}.Release|Any CPU.ActiveCfg = Release|Any CPU
		{442C5937-4860-547C-894F-8B365ED8CEB9}.Release|Any CPU.Build.0 = Release|Any CPU
	EndGlobalSection
	GlobalSection(SolutionProperties) = preSolution
		HideSolutionNode = FALSE
	EndGlobalSection
	GlobalSection(ExtensibilityGlobals) = postSolution
		SolutionGuid = {A652C026-54F0-4535-AFE1-6AD650B2DA7D}
	EndGlobalSection
EndGlobal
