Microsoft Visual Studio Solution File, Format Version 12.00
# Visual Studio Version 17
VisualStudioVersion = 17.5.2.0
MinimumVisualStudioVersion = 10.0.40219.1
Project("{FAE04EC0-301F-11D3-BF4B-00C04F79EFBC}") = "14Feb", "14Feb.csproj", "{7FB375D7-C1F0-E443-C638-F1CE834234CF}"
EndProject
Global
	GlobalSection(SolutionConfigurationPlatforms) = preSolution
		Debug|Any CPU = Debug|Any CPU
		Release|Any CPU = Release|Any CPU
	EndGlobalSection
	GlobalSection(ProjectConfigurationPlatforms) = postSolution
		{7FB375D7-C1F0-E443-C638-F1CE834234CF}.Debug|Any CPU.ActiveCfg = Debug|Any CPU
		{7FB375D7-C1F0-E443-C638-F1CE834234CF}.Debug|Any CPU.Build.0 = Debug|Any CPU
		{7FB375D7-C1F0-E443-C638-F1CE834234CF}.Release|Any CPU.ActiveCfg = Release|Any CPU
		{7FB375D7-C1F0-E443-C638-F1CE834234CF}.Release|Any CPU.Build.0 = Release|Any CPU
	EndGlobalSection
	GlobalSection(SolutionProperties) = preSolution
		HideSolutionNode = FALSE
	EndGlobalSection
	GlobalSection(ExtensibilityGlobals) = postSolution
		SolutionGuid = {F9831238-E3F0-4F6F-845C-2105B7D36DAA}
	EndGlobalSection
EndGlobal
